
Microsoft Visual Studio Solution File, Format Version 12.00
# Visual Studio Version 17
VisualStudioVersion = 17.11.35312.102
MinimumVisualStudioVersion = 10.0.40219.1
Project("{8BC9CEB8-8B4A-11D0-8D11-00A0C91BC942}") = "stl_part4", "stl_part4\stl_part4.vcxproj", "{B780AF55-FDD3-47C2-89AA-1E7C7A81D71C}"
EndProject
Global
	GlobalSection(SolutionConfigurationPlatforms) = preSolution
		Debug|x64 = Debug|x64
		Debug|x86 = Debug|x86
		Release|x64 = Release|x64
		Release|x86 = Release|x86
	EndGlobalSection
	GlobalSection(ProjectConfigurationPlatforms) = postSolution
		{B780AF55-FDD3-47C2-89AA-1E7C7A81D71C}.Debug|x64.ActiveCfg = Debug|x64
		{B780AF55-FDD3-47C2-89AA-1E7C7A81D71C}.Debug|x64.Build.0 = Debug|x64
		{B780AF55-FDD3-47C2-89AA-1E7C7A81D71C}.Debug|x86.ActiveCfg = Debug|Win32
		{B780AF55-FDD3-47C2-89AA-1E7C7A81D71C}.Debug|x86.Build.0 = Debug|Win32
		{B780AF55-FDD3-47C2-89AA-1E7C7A81D71C}.Release|x64.ActiveCfg = Release|x64
		{B780AF55-FDD3-47C2-89AA-1E7C7A81D71C}.Release|x64.Build.0 = Release|x64
		{B780AF55-FDD3-47C2-89AA-1E7C7A81D71C}.Release|x86.ActiveCfg = Release|Win32
		{B780AF55-FDD3-47C2-89AA-1E7C7A81D71C}.Release|x86.Build.0 = Release|Win32
	EndGlobalSection
	GlobalSection(SolutionProperties) = preSolution
		HideSolutionNode = FALSE
	EndGlobalSection
	GlobalSection(ExtensibilityGlobals) = postSolution
		SolutionGuid = {816F2DBC-B7D0-4606-BB07-F35453C840D9}
	EndGlobalSection
EndGlobal
